
Microsoft Visual Studio Solution File, Format Version 12.00
# Visual Studio 15
VisualStudioVersion = 15.0.26730.12
MinimumVisualStudioVersion = 10.0.40219.1
Project("{9A19103F-16F7-4668-BE54-9A1E7A4F7556}") = "KPI", "KPI\KPI.csproj", "{090AA8AB-0468-466A-BDD1-50341E6192BB}"
EndProject
Global
	GlobalSection(SolutionConfigurationPlatforms) = preSolution
		Debug|Any CPU = Debug|Any CPU
		Release|Any CPU = Release|Any CPU
	EndGlobalSection
	GlobalSection(ProjectConfigurationPlatforms) = postSolution
		{090AA8AB-0468-466A-BDD1-50341E6192BB}.Debug|Any CPU.ActiveCfg = Debug|Any CPU
		{090AA8AB-0468-466A-BDD1-50341E6192BB}.Debug|Any CPU.Build.0 = Debug|Any CPU
		{090AA8AB-0468-466A-BDD1-50341E6192BB}.Release|Any CPU.ActiveCfg = Release|Any CPU
		{090AA8AB-0468-466A-BDD1-50341E6192BB}.Release|Any CPU.Build.0 = Release|Any CPU
	EndGlobalSection
	GlobalSection(SolutionProperties) = preSolution
		HideSolutionNode = FALSE
	EndGlobalSection
	GlobalSection(ExtensibilityGlobals) = postSolution
		SolutionGuid = {B8888116-EA14-4526-9BA2-F11AB1B66424}
	EndGlobalSection
EndGlobal
